
Microsoft Visual Studio Solution File, Format Version 12.00
# Visual Studio Version 16
VisualStudioVersion = 16.0.29509.3
MinimumVisualStudioVersion = 10.0.40219.1
Project("{2150E333-8FDC-42A3-9474-1A3956D46DE8}") = "Samples", "Samples", "{142E3783-8054-4E2C-80C7-C7FD6F535C84}"
EndProject
Project("{2150E333-8FDC-42A3-9474-1A3956D46DE8}") = "rgomez", "rgomez", "{3E285B95-E8A9-4D48-8976-329B9048987F}"
EndProject
Project("{2150E333-8FDC-42A3-9474-1A3956D46DE8}") = "CustomActivities", "CustomActivities", "{068530A9-152D-40F0-85A4-FA0A1B10E292}"
EndProject
Project("{2150E333-8FDC-42A3-9474-1A3956D46DE8}") = "Plugins", "Plugins", "{1E7835AA-3E00-4BA6-8B02-A195D6976D3E}"
EndProject
Project("{2150E333-8FDC-42A3-9474-1A3956D46DE8}") = "WebResources", "WebResources", "{0F6E5827-8050-4EAD-BE0F-2A192DFFA682}"
EndProject
Project("{2150E333-8FDC-42A3-9474-1A3956D46DE8}") = "Solutions", "Solutions", "{64823D68-82C3-42CD-9A70-F49A7AAEFC7B}"
EndProject
Project("{2150E333-8FDC-42A3-9474-1A3956D46DE8}") = "CustomActivities", "CustomActivities", "{15E62F95-333F-49D5-824E-F88C0F2D982C}"
EndProject
Project("{2150E333-8FDC-42A3-9474-1A3956D46DE8}") = "Plugins", "Plugins", "{F33C6C59-7A90-451E-8545-2FB82C7A3A3C}"
EndProject
Project("{2150E333-8FDC-42A3-9474-1A3956D46DE8}") = "Solutions", "Solutions", "{E9C446B1-EE9A-4944-B7B4-9BFA360B5A9A}"
EndProject
Project("{2150E333-8FDC-42A3-9474-1A3956D46DE8}") = "WebResources", "WebResources", "{7AE8C171-05AD-4EF5-81D2-44025BF403DB}"
EndProject
Project("{FAE04EC0-301F-11D3-BF4B-00C04F79EFBC}") = "Dynamics.CRM.Samples.EnforceUniqueContact", "Dynamics.CRM.Samples.EnforceUniqueContact\Dynamics.CRM.Samples.EnforceUniqueContact.csproj", "{C96E7E9F-D3A6-4D28-BA3E-676110006380}"
EndProject
Project("{FAE04EC0-301F-11D3-BF4B-00C04F79EFBC}") = "Dynamics.CRM.Samples.Plugin1", "Dynamics.CRM.Samples.Plugin1\Dynamics.CRM.Samples.Plugin1.csproj", "{5674A14E-CDD8-41A1-9AE4-9D1D453DBF22}"
EndProject
Project("{FAE04EC0-301F-11D3-BF4B-00C04F79EFBC}") = "Dynamics.CRM.Samples.WebResources", "Dynamics.CRM.Samples.WebResources\Dynamics.CRM.Samples.WebResources.csproj", "{A3E7B1F1-E8F7-43EA-AEE8-0B025AD95CC1}"
EndProject
Project("{FAE04EC0-301F-11D3-BF4B-00C04F79EFBC}") = "Dynamics.CRM.rgomez.CustomActivity1", "Dynamics.CRM.rgomez.CustomActivity1\Dynamics.CRM.rgomez.CustomActivity1.csproj", "{86B9636A-BE92-4052-8D3A-A8F5B65CEE44}"
EndProject
Project("{FAE04EC0-301F-11D3-BF4B-00C04F79EFBC}") = "Dynamics.CRM.rgomez.Plugin1", "Dynamics.CRM.rgomez.Plugin1\Dynamics.CRM.rgomez.Plugin1.csproj", "{6F7A9DAB-8BCF-4349-B268-E29F24A427C0}"
EndProject
Project("{FAE04EC0-301F-11D3-BF4B-00C04F79EFBC}") = "Dynamics.CRM.rgomez.WebResources", "Dynamics.CRM.rgomez.WebResources\Dynamics.CRM.rgomez.WebResources.csproj", "{4BD192F6-43E1-4F27-B88C-33CC65585FDC}"
EndProject
Project("{2150E333-8FDC-42A3-9474-1A3956D46DE8}") = "Tests", "Tests", "{C622C99C-E82B-440D-982E-30524B54AD54}"
EndProject
Project("{FAE04EC0-301F-11D3-BF4B-00C04F79EFBC}") = "Dynamics.CRM.rgomez.UnitTests", "Dynamics.CRM.rgomez.UnitTests\Dynamics.CRM.rgomez.UnitTests.csproj", "{61B80331-2B7E-494D-930C-6BF4FF125092}"
EndProject
Project("{2150E333-8FDC-42A3-9474-1A3956D46DE8}") = "Tests", "Tests", "{D4BD671C-41DF-49F3-B24D-D0D8C9D87D9E}"
EndProject
Project("{FAE04EC0-301F-11D3-BF4B-00C04F79EFBC}") = "Dynamics.CRM.Samples.UnitTests", "Dynamics.CRM.Samples.UnitTests\Dynamics.CRM.Samples.UnitTests.csproj", "{03F1FC72-3489-4855-9A0E-1296C18EF56A}"
EndProject
Project("{2150E333-8FDC-42A3-9474-1A3956D46DE8}") = "Reports", "Reports", "{500BF529-6784-49D2-87AC-92CE72921E4B}"
EndProject
Project("{2150E333-8FDC-42A3-9474-1A3956D46DE8}") = "Reports", "Reports", "{48D40255-6711-4E3E-A081-B8A352D20658}"
EndProject
Project("{F14B399A-7131-4C87-9E4B-1186C45EF12D}") = "Dynamics.CRM.Samples.Reports", "Dynamics.CRM.Samples.Reports\Dynamics.CRM.Samples.Reports.rptproj", "{F00E608E-60F8-476C-981E-1FC7CF78E003}"
EndProject
Project("{F14B399A-7131-4C87-9E4B-1186C45EF12D}") = "Dynamics.CRM.rgomez.Reports", "Dynamics.CRM.rgomez.Reports\Dynamics.CRM.rgomez.Reports.rptproj", "{4DF8EC16-F104-4534-91D7-DC07C96A2BCC}"
EndProject
Project("{FAE04EC0-301F-11D3-BF4B-00C04F79EFBC}") = "Dynamics.CRM.Samples.ObtainConfiguration", "Dynamics.CRM.Samples.ObtainConfiguration\Dynamics.CRM.Samples.ObtainConfiguration.csproj", "{CB68BA5F-184C-4FDE-BC5F-4A4E596865E0}"
EndProject
Project("{FAE04EC0-301F-11D3-BF4B-00C04F79EFBC}") = "Dynamics.CRM.Samples.SendMessage", "Dynamics.CRM.Samples.SendMessage\Dynamics.CRM.Samples.SendMessage.csproj", "{4CF0914C-88BF-49D9-8DDE-9B21BE99B9B4}"
EndProject
Project("{2150E333-8FDC-42A3-9474-1A3956D46DE8}") = "Web", "Web", "{6FCC9429-90F1-4F44-B1E3-9BDD97F2BCC8}"
EndProject
Project("{2150E333-8FDC-42A3-9474-1A3956D46DE8}") = "WebAPI", "WebAPI", "{16BBC48B-0B3F-4C2C-8122-099547D4367F}"
EndProject
Project("{2150E333-8FDC-42A3-9474-1A3956D46DE8}") = "WebSites", "WebSites", "{A3408CFF-3287-45BE-B479-C8757CFBCF59}"
EndProject
Project("{2150E333-8FDC-42A3-9474-1A3956D46DE8}") = "WorkOrdersIntegration", "WorkOrdersIntegration", "{636449C7-DA1B-441D-A089-2BBE8609BF9B}"
EndProject
Project("{FAE04EC0-301F-11D3-BF4B-00C04F79EFBC}") = "Dynamics.CRM.Samples.Web.WebAPI.WorkOrdersIntegration.BL", "Dynamics.CRM.Samples.Web.WebAPI.WorkOrdersIntegration.BL\Dynamics.CRM.Samples.Web.WebAPI.WorkOrdersIntegration.BL.csproj", "{86E2DE8C-53F6-4345-BE83-6E07A7070F9F}"
EndProject
Project("{FAE04EC0-301F-11D3-BF4B-00C04F79EFBC}") = "Dynamics.CRM.Samples.Web.WebAPI.WorkOrdersIntegration.Core", "Dynamics.CRM.Samples.Web.WebAPI.WorkOrdersIntegration.Core\Dynamics.CRM.Samples.Web.WebAPI.WorkOrdersIntegration.Core.csproj", "{5CA9484C-6FD9-4E51-A64E-3500CE4E35BB}"
EndProject
Project("{FAE04EC0-301F-11D3-BF4B-00C04F79EFBC}") = "Dynamics.CRM.Samples.Web.WebAPI.WorkOrdersIntegration.WebAPIClient", "Dynamics.CRM.Samples.Web.WebAPI.WorkOrdersIntegration.WebAPIClient\Dynamics.CRM.Samples.Web.WebAPI.WorkOrdersIntegration.WebAPIClient.csproj", "{8B9C3724-8ECE-4CF7-B2A2-C685DE8C3DF2}"
EndProject
Project("{FAE04EC0-301F-11D3-BF4B-00C04F79EFBC}") = "Dynamics.CRM.Samples.Web.WebAPI.WorkOrdersIntegration.", "Dynamics.CRM.Samples.Web.WebAPI.WorkOrdersIntegration.WorkOrdersInfrastructure\Dynamics.CRM.Samples.Web.WebAPI.WorkOrdersIntegration..csproj", "{E08EFD77-194D-4FE3-9E8A-658E68522660}"
EndProject
Project("{2150E333-8FDC-42A3-9474-1A3956D46DE8}") = "ManagementConsole", "ManagementConsole", "{681564CA-98EF-470E-ABB2-BEBBEC6010C5}"
EndProject
Project("{FAE04EC0-301F-11D3-BF4B-00C04F79EFBC}") = "Dynamics.CRM.Samples.Web.WebSites.ManagementConsole", "Dynamics.CRM.Samples.Web.WebSites.ManagementConsole.BL\Dynamics.CRM.Samples.Web.WebSites.ManagementConsole.csproj", "{95129AB6-60CF-44D8-939B-ED4D6F0FFD87}"
EndProject
Project("{FAE04EC0-301F-11D3-BF4B-00C04F79EFBC}") = "Dynamics.CRM.Samples.Web.WebSites.ManagementConsole.Domain", "Dynamics.CRM.Samples.Web.WebSites.ManagementConsole.Domain\Dynamics.CRM.Samples.Web.WebSites.ManagementConsole.Domain.csproj", "{809BE9A0-FC69-4E1F-AC86-DAAB3CE7BF55}"
EndProject
Project("{FAE04EC0-301F-11D3-BF4B-00C04F79EFBC}") = "Dynamics.CRM.Samples.Web.WebSites.ManagementConsole.Helpers", "Dynamics.CRM.Samples.Web.WebSites.ManagementConsole.Helpers\Dynamics.CRM.Samples.Web.WebSites.ManagementConsole.Helpers.csproj", "{8C616CAB-5A67-4992-BD71-B16DB6C5B3C3}"
EndProject
Project("{FAE04EC0-301F-11D3-BF4B-00C04F79EFBC}") = "Dynamics.CRM.Samples.Web.WebSites.ManagementConsole.Infrastructure", "Dynamics.CRM.Samples.Web.WebSites.ManagementConsole.Infrastructure\Dynamics.CRM.Samples.Web.WebSites.ManagementConsole.Infrastructure.csproj", "{8295C14A-78C8-4164-8D36-E5E7CF4876D2}"
EndProject
Project("{FAE04EC0-301F-11D3-BF4B-00C04F79EFBC}") = "Dynamics.CRM.Samples.Web.WebSites.ManagementConsole.ManagementAPI", "Dynamics.CRM.Samples.Web.WebSites.ManagementConsole.ManagementAPI\Dynamics.CRM.Samples.Web.WebSites.ManagementConsole.ManagementAPI.csproj", "{CD37C84D-2195-43D1-BD88-7E8BC169ED71}"
EndProject
Project("{2150E333-8FDC-42A3-9474-1A3956D46DE8}") = "Web", "Web", "{486A4BDC-E0D1-4CA2-BD6E-3E15D846C8AC}"
EndProject
Project("{2150E333-8FDC-42A3-9474-1A3956D46DE8}") = "WebAPI", "WebAPI", "{65BA47AB-F5F3-4B0B-AE85-0F40D478D813}"
EndProject
Project("{2150E333-8FDC-42A3-9474-1A3956D46DE8}") = "WebSites", "WebSites", "{AC02CA2D-FB3F-40AD-8959-1C600A353BB2}"
EndProject
Global
	GlobalSection(SolutionConfigurationPlatforms) = preSolution
		Debug|Any CPU = Debug|Any CPU
		DebugLocal|Any CPU = DebugLocal|Any CPU
		Release|Any CPU = Release|Any CPU
	EndGlobalSection
	GlobalSection(ProjectConfigurationPlatforms) = postSolution
		{C96E7E9F-D3A6-4D28-BA3E-676110006380}.Debug|Any CPU.ActiveCfg = Debug|Any CPU
		{C96E7E9F-D3A6-4D28-BA3E-676110006380}.Debug|Any CPU.Build.0 = Debug|Any CPU
		{C96E7E9F-D3A6-4D28-BA3E-676110006380}.DebugLocal|Any CPU.ActiveCfg = Debug|Any CPU
		{C96E7E9F-D3A6-4D28-BA3E-676110006380}.DebugLocal|Any CPU.Build.0 = Debug|Any CPU
		{C96E7E9F-D3A6-4D28-BA3E-676110006380}.Release|Any CPU.ActiveCfg = Release|Any CPU
		{C96E7E9F-D3A6-4D28-BA3E-676110006380}.Release|Any CPU.Build.0 = Release|Any CPU
		{5674A14E-CDD8-41A1-9AE4-9D1D453DBF22}.Debug|Any CPU.ActiveCfg = Debug|Any CPU
		{5674A14E-CDD8-41A1-9AE4-9D1D453DBF22}.Debug|Any CPU.Build.0 = Debug|Any CPU
		{5674A14E-CDD8-41A1-9AE4-9D1D453DBF22}.DebugLocal|Any CPU.ActiveCfg = Debug|Any CPU
		{5674A14E-CDD8-41A1-9AE4-9D1D453DBF22}.DebugLocal|Any CPU.Build.0 = Debug|Any CPU
		{5674A14E-CDD8-41A1-9AE4-9D1D453DBF22}.Release|Any CPU.ActiveCfg = Release|Any CPU
		{5674A14E-CDD8-41A1-9AE4-9D1D453DBF22}.Release|Any CPU.Build.0 = Release|Any CPU
		{A3E7B1F1-E8F7-43EA-AEE8-0B025AD95CC1}.Debug|Any CPU.ActiveCfg = Debug|Any CPU
		{A3E7B1F1-E8F7-43EA-AEE8-0B025AD95CC1}.Debug|Any CPU.Build.0 = Debug|Any CPU
		{A3E7B1F1-E8F7-43EA-AEE8-0B025AD95CC1}.DebugLocal|Any CPU.ActiveCfg = Debug|Any CPU
		{A3E7B1F1-E8F7-43EA-AEE8-0B025AD95CC1}.DebugLocal|Any CPU.Build.0 = Debug|Any CPU
		{A3E7B1F1-E8F7-43EA-AEE8-0B025AD95CC1}.Release|Any CPU.ActiveCfg = Release|Any CPU
		{A3E7B1F1-E8F7-43EA-AEE8-0B025AD95CC1}.Release|Any CPU.Build.0 = Release|Any CPU
		{86B9636A-BE92-4052-8D3A-A8F5B65CEE44}.Debug|Any CPU.ActiveCfg = Debug|Any CPU
		{86B9636A-BE92-4052-8D3A-A8F5B65CEE44}.Debug|Any CPU.Build.0 = Debug|Any CPU
		{86B9636A-BE92-4052-8D3A-A8F5B65CEE44}.DebugLocal|Any CPU.ActiveCfg = Debug|Any CPU
		{86B9636A-BE92-4052-8D3A-A8F5B65CEE44}.DebugLocal|Any CPU.Build.0 = Debug|Any CPU
		{86B9636A-BE92-4052-8D3A-A8F5B65CEE44}.Release|Any CPU.ActiveCfg = Release|Any CPU
		{86B9636A-BE92-4052-8D3A-A8F5B65CEE44}.Release|Any CPU.Build.0 = Release|Any CPU
		{6F7A9DAB-8BCF-4349-B268-E29F24A427C0}.Debug|Any CPU.ActiveCfg = Debug|Any CPU
		{6F7A9DAB-8BCF-4349-B268-E29F24A427C0}.Debug|Any CPU.Build.0 = Debug|Any CPU
		{6F7A9DAB-8BCF-4349-B268-E29F24A427C0}.DebugLocal|Any CPU.ActiveCfg = Debug|Any CPU
		{6F7A9DAB-8BCF-4349-B268-E29F24A427C0}.DebugLocal|Any CPU.Build.0 = Debug|Any CPU
		{6F7A9DAB-8BCF-4349-B268-E29F24A427C0}.Release|Any CPU.ActiveCfg = Release|Any CPU
		{6F7A9DAB-8BCF-4349-B268-E29F24A427C0}.Release|Any CPU.Build.0 = Release|Any CPU
		{4BD192F6-43E1-4F27-B88C-33CC65585FDC}.Debug|Any CPU.ActiveCfg = Debug|Any CPU
		{4BD192F6-43E1-4F27-B88C-33CC65585FDC}.Debug|Any CPU.Build.0 = Debug|Any CPU
		{4BD192F6-43E1-4F27-B88C-33CC65585FDC}.DebugLocal|Any CPU.ActiveCfg = Debug|Any CPU
		{4BD192F6-43E1-4F27-B88C-33CC65585FDC}.DebugLocal|Any CPU.Build.0 = Debug|Any CPU
		{4BD192F6-43E1-4F27-B88C-33CC65585FDC}.Release|Any CPU.ActiveCfg = Release|Any CPU
		{4BD192F6-43E1-4F27-B88C-33CC65585FDC}.Release|Any CPU.Build.0 = Release|Any CPU
		{61B80331-2B7E-494D-930C-6BF4FF125092}.Debug|Any CPU.ActiveCfg = Debug|Any CPU
		{61B80331-2B7E-494D-930C-6BF4FF125092}.Debug|Any CPU.Build.0 = Debug|Any CPU
		{61B80331-2B7E-494D-930C-6BF4FF125092}.DebugLocal|Any CPU.ActiveCfg = Debug|Any CPU
		{61B80331-2B7E-494D-930C-6BF4FF125092}.DebugLocal|Any CPU.Build.0 = Debug|Any CPU
		{61B80331-2B7E-494D-930C-6BF4FF125092}.Release|Any CPU.ActiveCfg = Release|Any CPU
		{61B80331-2B7E-494D-930C-6BF4FF125092}.Release|Any CPU.Build.0 = Release|Any CPU
		{03F1FC72-3489-4855-9A0E-1296C18EF56A}.Debug|Any CPU.ActiveCfg = Debug|Any CPU
		{03F1FC72-3489-4855-9A0E-1296C18EF56A}.Debug|Any CPU.Build.0 = Debug|Any CPU
		{03F1FC72-3489-4855-9A0E-1296C18EF56A}.DebugLocal|Any CPU.ActiveCfg = Debug|Any CPU
		{03F1FC72-3489-4855-9A0E-1296C18EF56A}.DebugLocal|Any CPU.Build.0 = Debug|Any CPU
		{03F1FC72-3489-4855-9A0E-1296C18EF56A}.Release|Any CPU.ActiveCfg = Release|Any CPU
		{03F1FC72-3489-4855-9A0E-1296C18EF56A}.Release|Any CPU.Build.0 = Release|Any CPU
		{F00E608E-60F8-476C-981E-1FC7CF78E003}.Debug|Any CPU.ActiveCfg = Debug
		{F00E608E-60F8-476C-981E-1FC7CF78E003}.Debug|Any CPU.Build.0 = Debug
		{F00E608E-60F8-476C-981E-1FC7CF78E003}.Debug|Any CPU.Deploy.0 = Debug
		{F00E608E-60F8-476C-981E-1FC7CF78E003}.DebugLocal|Any CPU.ActiveCfg = DebugLocal
		{F00E608E-60F8-476C-981E-1FC7CF78E003}.DebugLocal|Any CPU.Build.0 = DebugLocal
		{F00E608E-60F8-476C-981E-1FC7CF78E003}.DebugLocal|Any CPU.Deploy.0 = DebugLocal
		{F00E608E-60F8-476C-981E-1FC7CF78E003}.Release|Any CPU.ActiveCfg = Release
		{F00E608E-60F8-476C-981E-1FC7CF78E003}.Release|Any CPU.Build.0 = Release
		{F00E608E-60F8-476C-981E-1FC7CF78E003}.Release|Any CPU.Deploy.0 = Release
		{4DF8EC16-F104-4534-91D7-DC07C96A2BCC}.Debug|Any CPU.ActiveCfg = Debug
		{4DF8EC16-F104-4534-91D7-DC07C96A2BCC}.Debug|Any CPU.Build.0 = Debug
		{4DF8EC16-F104-4534-91D7-DC07C96A2BCC}.Debug|Any CPU.Deploy.0 = Debug
		{4DF8EC16-F104-4534-91D7-DC07C96A2BCC}.DebugLocal|Any CPU.ActiveCfg = DebugLocal
		{4DF8EC16-F104-4534-91D7-DC07C96A2BCC}.DebugLocal|Any CPU.Build.0 = DebugLocal
		{4DF8EC16-F104-4534-91D7-DC07C96A2BCC}.DebugLocal|Any CPU.Deploy.0 = DebugLocal
		{4DF8EC16-F104-4534-91D7-DC07C96A2BCC}.Release|Any CPU.ActiveCfg = Release
		{4DF8EC16-F104-4534-91D7-DC07C96A2BCC}.Release|Any CPU.Build.0 = Release
		{4DF8EC16-F104-4534-91D7-DC07C96A2BCC}.Release|Any CPU.Deploy.0 = Release
		{CB68BA5F-184C-4FDE-BC5F-4A4E596865E0}.Debug|Any CPU.ActiveCfg = Debug|Any CPU
		{CB68BA5F-184C-4FDE-BC5F-4A4E596865E0}.Debug|Any CPU.Build.0 = Debug|Any CPU
		{CB68BA5F-184C-4FDE-BC5F-4A4E596865E0}.DebugLocal|Any CPU.ActiveCfg = Debug|Any CPU
		{CB68BA5F-184C-4FDE-BC5F-4A4E596865E0}.DebugLocal|Any CPU.Build.0 = Debug|Any CPU
		{CB68BA5F-184C-4FDE-BC5F-4A4E596865E0}.Release|Any CPU.ActiveCfg = Release|Any CPU
		{CB68BA5F-184C-4FDE-BC5F-4A4E596865E0}.Release|Any CPU.Build.0 = Release|Any CPU
		{4CF0914C-88BF-49D9-8DDE-9B21BE99B9B4}.Debug|Any CPU.ActiveCfg = Debug|Any CPU
		{4CF0914C-88BF-49D9-8DDE-9B21BE99B9B4}.Debug|Any CPU.Build.0 = Debug|Any CPU
		{4CF0914C-88BF-49D9-8DDE-9B21BE99B9B4}.DebugLocal|Any CPU.ActiveCfg = Debug|Any CPU
		{4CF0914C-88BF-49D9-8DDE-9B21BE99B9B4}.DebugLocal|Any CPU.Build.0 = Debug|Any CPU
		{4CF0914C-88BF-49D9-8DDE-9B21BE99B9B4}.Release|Any CPU.ActiveCfg = Release|Any CPU
		{4CF0914C-88BF-49D9-8DDE-9B21BE99B9B4}.Release|Any CPU.Build.0 = Release|Any CPU
		{86E2DE8C-53F6-4345-BE83-6E07A7070F9F}.Debug|Any CPU.ActiveCfg = Debug|Any CPU
		{86E2DE8C-53F6-4345-BE83-6E07A7070F9F}.Debug|Any CPU.Build.0 = Debug|Any CPU
		{86E2DE8C-53F6-4345-BE83-6E07A7070F9F}.DebugLocal|Any CPU.ActiveCfg = Debug|Any CPU
		{86E2DE8C-53F6-4345-BE83-6E07A7070F9F}.DebugLocal|Any CPU.Build.0 = Debug|Any CPU
		{86E2DE8C-53F6-4345-BE83-6E07A7070F9F}.Release|Any CPU.ActiveCfg = Release|Any CPU
		{86E2DE8C-53F6-4345-BE83-6E07A7070F9F}.Release|Any CPU.Build.0 = Release|Any CPU
		{5CA9484C-6FD9-4E51-A64E-3500CE4E35BB}.Debug|Any CPU.ActiveCfg = Debug|Any CPU
		{5CA9484C-6FD9-4E51-A64E-3500CE4E35BB}.Debug|Any CPU.Build.0 = Debug|Any CPU
		{5CA9484C-6FD9-4E51-A64E-3500CE4E35BB}.DebugLocal|Any CPU.ActiveCfg = Debug|Any CPU
		{5CA9484C-6FD9-4E51-A64E-3500CE4E35BB}.DebugLocal|Any CPU.Build.0 = Debug|Any CPU
		{5CA9484C-6FD9-4E51-A64E-3500CE4E35BB}.Release|Any CPU.ActiveCfg = Release|Any CPU
		{5CA9484C-6FD9-4E51-A64E-3500CE4E35BB}.Release|Any CPU.Build.0 = Release|Any CPU
		{8B9C3724-8ECE-4CF7-B2A2-C685DE8C3DF2}.Debug|Any CPU.ActiveCfg = Debug|Any CPU
		{8B9C3724-8ECE-4CF7-B2A2-C685DE8C3DF2}.Debug|Any CPU.Build.0 = Debug|Any CPU
		{8B9C3724-8ECE-4CF7-B2A2-C685DE8C3DF2}.DebugLocal|Any CPU.ActiveCfg = Debug|Any CPU
		{8B9C3724-8ECE-4CF7-B2A2-C685DE8C3DF2}.DebugLocal|Any CPU.Build.0 = Debug|Any CPU
		{8B9C3724-8ECE-4CF7-B2A2-C685DE8C3DF2}.Release|Any CPU.ActiveCfg = Release|Any CPU
		{8B9C3724-8ECE-4CF7-B2A2-C685DE8C3DF2}.Release|Any CPU.Build.0 = Release|Any CPU
		{E08EFD77-194D-4FE3-9E8A-658E68522660}.Debug|Any CPU.ActiveCfg = Debug|Any CPU
		{E08EFD77-194D-4FE3-9E8A-658E68522660}.Debug|Any CPU.Build.0 = Debug|Any CPU
		{E08EFD77-194D-4FE3-9E8A-658E68522660}.DebugLocal|Any CPU.ActiveCfg = Debug|Any CPU
		{E08EFD77-194D-4FE3-9E8A-658E68522660}.DebugLocal|Any CPU.Build.0 = Debug|Any CPU
		{E08EFD77-194D-4FE3-9E8A-658E68522660}.Release|Any CPU.ActiveCfg = Release|Any CPU
		{E08EFD77-194D-4FE3-9E8A-658E68522660}.Release|Any CPU.Build.0 = Release|Any CPU
		{95129AB6-60CF-44D8-939B-ED4D6F0FFD87}.Debug|Any CPU.ActiveCfg = Debug|Any CPU
		{95129AB6-60CF-44D8-939B-ED4D6F0FFD87}.Debug|Any CPU.Build.0 = Debug|Any CPU
		{95129AB6-60CF-44D8-939B-ED4D6F0FFD87}.DebugLocal|Any CPU.ActiveCfg = Debug|Any CPU
		{95129AB6-60CF-44D8-939B-ED4D6F0FFD87}.DebugLocal|Any CPU.Build.0 = Debug|Any CPU
		{95129AB6-60CF-44D8-939B-ED4D6F0FFD87}.Release|Any CPU.ActiveCfg = Release|Any CPU
		{95129AB6-60CF-44D8-939B-ED4D6F0FFD87}.Release|Any CPU.Build.0 = Release|Any CPU
		{809BE9A0-FC69-4E1F-AC86-DAAB3CE7BF55}.Debug|Any CPU.ActiveCfg = Debug|Any CPU
		{809BE9A0-FC69-4E1F-AC86-DAAB3CE7BF55}.Debug|Any CPU.Build.0 = Debug|Any CPU
		{809BE9A0-FC69-4E1F-AC86-DAAB3CE7BF55}.DebugLocal|Any CPU.ActiveCfg = Debug|Any CPU
		{809BE9A0-FC69-4E1F-AC86-DAAB3CE7BF55}.DebugLocal|Any CPU.Build.0 = Debug|Any CPU
		{809BE9A0-FC69-4E1F-AC86-DAAB3CE7BF55}.Release|Any CPU.ActiveCfg = Release|Any CPU
		{809BE9A0-FC69-4E1F-AC86-DAAB3CE7BF55}.Release|Any CPU.Build.0 = Release|Any CPU
		{8C616CAB-5A67-4992-BD71-B16DB6C5B3C3}.Debug|Any CPU.ActiveCfg = Debug|Any CPU
		{8C616CAB-5A67-4992-BD71-B16DB6C5B3C3}.Debug|Any CPU.Build.0 = Debug|Any CPU
		{8C616CAB-5A67-4992-BD71-B16DB6C5B3C3}.DebugLocal|Any CPU.ActiveCfg = Debug|Any CPU
		{8C616CAB-5A67-4992-BD71-B16DB6C5B3C3}.DebugLocal|Any CPU.Build.0 = Debug|Any CPU
		{8C616CAB-5A67-4992-BD71-B16DB6C5B3C3}.Release|Any CPU.ActiveCfg = Release|Any CPU
		{8C616CAB-5A67-4992-BD71-B16DB6C5B3C3}.Release|Any CPU.Build.0 = Release|Any CPU
		{8295C14A-78C8-4164-8D36-E5E7CF4876D2}.Debug|Any CPU.ActiveCfg = Debug|Any CPU
		{8295C14A-78C8-4164-8D36-E5E7CF4876D2}.Debug|Any CPU.Build.0 = Debug|Any CPU
		{8295C14A-78C8-4164-8D36-E5E7CF4876D2}.DebugLocal|Any CPU.ActiveCfg = Debug|Any CPU
		{8295C14A-78C8-4164-8D36-E5E7CF4876D2}.DebugLocal|Any CPU.Build.0 = Debug|Any CPU
		{8295C14A-78C8-4164-8D36-E5E7CF4876D2}.Release|Any CPU.ActiveCfg = Release|Any CPU
		{8295C14A-78C8-4164-8D36-E5E7CF4876D2}.Release|Any CPU.Build.0 = Release|Any CPU
		{CD37C84D-2195-43D1-BD88-7E8BC169ED71}.Debug|Any CPU.ActiveCfg = Debug|Any CPU
		{CD37C84D-2195-43D1-BD88-7E8BC169ED71}.Debug|Any CPU.Build.0 = Debug|Any CPU
		{CD37C84D-2195-43D1-BD88-7E8BC169ED71}.DebugLocal|Any CPU.ActiveCfg = Debug|Any CPU
		{CD37C84D-2195-43D1-BD88-7E8BC169ED71}.DebugLocal|Any CPU.Build.0 = Debug|Any CPU
		{CD37C84D-2195-43D1-BD88-7E8BC169ED71}.Release|Any CPU.ActiveCfg = Release|Any CPU
		{CD37C84D-2195-43D1-BD88-7E8BC169ED71}.Release|Any CPU.Build.0 = Release|Any CPU
	EndGlobalSection
	GlobalSection(SolutionProperties) = preSolution
		HideSolutionNode = FALSE
	EndGlobalSection
	GlobalSection(NestedProjects) = preSolution
		{068530A9-152D-40F0-85A4-FA0A1B10E292} = {142E3783-8054-4E2C-80C7-C7FD6F535C84}
		{1E7835AA-3E00-4BA6-8B02-A195D6976D3E} = {142E3783-8054-4E2C-80C7-C7FD6F535C84}
		{0F6E5827-8050-4EAD-BE0F-2A192DFFA682} = {142E3783-8054-4E2C-80C7-C7FD6F535C84}
		{64823D68-82C3-42CD-9A70-F49A7AAEFC7B} = {142E3783-8054-4E2C-80C7-C7FD6F535C84}
		{15E62F95-333F-49D5-824E-F88C0F2D982C} = {3E285B95-E8A9-4D48-8976-329B9048987F}
		{F33C6C59-7A90-451E-8545-2FB82C7A3A3C} = {3E285B95-E8A9-4D48-8976-329B9048987F}
		{E9C446B1-EE9A-4944-B7B4-9BFA360B5A9A} = {3E285B95-E8A9-4D48-8976-329B9048987F}
		{7AE8C171-05AD-4EF5-81D2-44025BF403DB} = {3E285B95-E8A9-4D48-8976-329B9048987F}
		{C96E7E9F-D3A6-4D28-BA3E-676110006380} = {068530A9-152D-40F0-85A4-FA0A1B10E292}
		{5674A14E-CDD8-41A1-9AE4-9D1D453DBF22} = {1E7835AA-3E00-4BA6-8B02-A195D6976D3E}
		{A3E7B1F1-E8F7-43EA-AEE8-0B025AD95CC1} = {0F6E5827-8050-4EAD-BE0F-2A192DFFA682}
		{86B9636A-BE92-4052-8D3A-A8F5B65CEE44} = {15E62F95-333F-49D5-824E-F88C0F2D982C}
		{6F7A9DAB-8BCF-4349-B268-E29F24A427C0} = {F33C6C59-7A90-451E-8545-2FB82C7A3A3C}
		{4BD192F6-43E1-4F27-B88C-33CC65585FDC} = {7AE8C171-05AD-4EF5-81D2-44025BF403DB}
		{C622C99C-E82B-440D-982E-30524B54AD54} = {3E285B95-E8A9-4D48-8976-329B9048987F}
		{61B80331-2B7E-494D-930C-6BF4FF125092} = {C622C99C-E82B-440D-982E-30524B54AD54}
		{D4BD671C-41DF-49F3-B24D-D0D8C9D87D9E} = {142E3783-8054-4E2C-80C7-C7FD6F535C84}
		{03F1FC72-3489-4855-9A0E-1296C18EF56A} = {D4BD671C-41DF-49F3-B24D-D0D8C9D87D9E}
		{500BF529-6784-49D2-87AC-92CE72921E4B} = {3E285B95-E8A9-4D48-8976-329B9048987F}
		{48D40255-6711-4E3E-A081-B8A352D20658} = {142E3783-8054-4E2C-80C7-C7FD6F535C84}
		{F00E608E-60F8-476C-981E-1FC7CF78E003} = {48D40255-6711-4E3E-A081-B8A352D20658}
		{4DF8EC16-F104-4534-91D7-DC07C96A2BCC} = {500BF529-6784-49D2-87AC-92CE72921E4B}
		{CB68BA5F-184C-4FDE-BC5F-4A4E596865E0} = {068530A9-152D-40F0-85A4-FA0A1B10E292}
		{4CF0914C-88BF-49D9-8DDE-9B21BE99B9B4} = {068530A9-152D-40F0-85A4-FA0A1B10E292}
		{6FCC9429-90F1-4F44-B1E3-9BDD97F2BCC8} = {142E3783-8054-4E2C-80C7-C7FD6F535C84}
		{16BBC48B-0B3F-4C2C-8122-099547D4367F} = {6FCC9429-90F1-4F44-B1E3-9BDD97F2BCC8}
		{A3408CFF-3287-45BE-B479-C8757CFBCF59} = {6FCC9429-90F1-4F44-B1E3-9BDD97F2BCC8}
		{636449C7-DA1B-441D-A089-2BBE8609BF9B} = {16BBC48B-0B3F-4C2C-8122-099547D4367F}
		{86E2DE8C-53F6-4345-BE83-6E07A7070F9F} = {636449C7-DA1B-441D-A089-2BBE8609BF9B}
		{5CA9484C-6FD9-4E51-A64E-3500CE4E35BB} = {636449C7-DA1B-441D-A089-2BBE8609BF9B}
		{8B9C3724-8ECE-4CF7-B2A2-C685DE8C3DF2} = {636449C7-DA1B-441D-A089-2BBE8609BF9B}
		{E08EFD77-194D-4FE3-9E8A-658E68522660} = {636449C7-DA1B-441D-A089-2BBE8609BF9B}
		{681564CA-98EF-470E-ABB2-BEBBEC6010C5} = {A3408CFF-3287-45BE-B479-C8757CFBCF59}
		{95129AB6-60CF-44D8-939B-ED4D6F0FFD87} = {681564CA-98EF-470E-ABB2-BEBBEC6010C5}
		{809BE9A0-FC69-4E1F-AC86-DAAB3CE7BF55} = {681564CA-98EF-470E-ABB2-BEBBEC6010C5}
		{8C616CAB-5A67-4992-BD71-B16DB6C5B3C3} = {681564CA-98EF-470E-ABB2-BEBBEC6010C5}
		{8295C14A-78C8-4164-8D36-E5E7CF4876D2} = {681564CA-98EF-470E-ABB2-BEBBEC6010C5}
		{CD37C84D-2195-43D1-BD88-7E8BC169ED71} = {681564CA-98EF-470E-ABB2-BEBBEC6010C5}
		{486A4BDC-E0D1-4CA2-BD6E-3E15D846C8AC} = {3E285B95-E8A9-4D48-8976-329B9048987F}
		{65BA47AB-F5F3-4B0B-AE85-0F40D478D813} = {486A4BDC-E0D1-4CA2-BD6E-3E15D846C8AC}
		{AC02CA2D-FB3F-40AD-8959-1C600A353BB2} = {486A4BDC-E0D1-4CA2-BD6E-3E15D846C8AC}
	EndGlobalSection
	GlobalSection(ExtensibilityGlobals) = postSolution
		SolutionGuid = {359C83F4-8654-44FB-8E8F-B814C20770B6}
	EndGlobalSection
EndGlobal
